
Microsoft Visual Studio Solution File, Format Version 12.00
# Visual Studio Version 17
VisualStudioVersion = 17.8.34330.188
MinimumVisualStudioVersion = 10.0.40219.1
Project("{9A19103F-16F7-4668-BE54-9A1E7A4F7556}") = "ExcelWithModels", "ExcelWithModels\ExcelWithModels.csproj", "{31208686-B4AD-4429-9E26-7CCD9909FFDD}"
EndProject
Project("{9A19103F-16F7-4668-BE54-9A1E7A4F7556}") = "ExcelWithModels.Tests", "ExcelWithModels.Tests\ExcelWithModels.Tests.csproj", "{80EBEC70-E821-4688-A6E6-7AFBD379F440}"
EndProject
Project("{2150E333-8FDC-42A3-9474-1A3956D46DE8}") = "Solution Items", "Solution Items", "{2DD36970-3AEB-454D-8A8A-1489C91A9F5A}"
	ProjectSection(SolutionItems) = preProject
		.gitignore = .gitignore
		.github\workflows\dotnet-build-and-test.yml = .github\workflows\dotnet-build-and-test.yml
		README.md = README.md
	EndProjectSection
EndProject
Global
	GlobalSection(SolutionConfigurationPlatforms) = preSolution
		Debug|Any CPU = Debug|Any CPU
		Release|Any CPU = Release|Any CPU
	EndGlobalSection
	GlobalSection(ProjectConfigurationPlatforms) = postSolution
		{31208686-B4AD-4429-9E26-7CCD9909FFDD}.Debug|Any CPU.ActiveCfg = Debug|Any CPU
		{31208686-B4AD-4429-9E26-7CCD9909FFDD}.Debug|Any CPU.Build.0 = Debug|Any CPU
		{31208686-B4AD-4429-9E26-7CCD9909FFDD}.Release|Any CPU.ActiveCfg = Release|Any CPU
		{31208686-B4AD-4429-9E26-7CCD9909FFDD}.Release|Any CPU.Build.0 = Release|Any CPU
		{80EBEC70-E821-4688-A6E6-7AFBD379F440}.Debug|Any CPU.ActiveCfg = Debug|Any CPU
		{80EBEC70-E821-4688-A6E6-7AFBD379F440}.Debug|Any CPU.Build.0 = Debug|Any CPU
		{80EBEC70-E821-4688-A6E6-7AFBD379F440}.Release|Any CPU.ActiveCfg = Release|Any CPU
		{80EBEC70-E821-4688-A6E6-7AFBD379F440}.Release|Any CPU.Build.0 = Release|Any CPU
	EndGlobalSection
	GlobalSection(SolutionProperties) = preSolution
		HideSolutionNode = FALSE
	EndGlobalSection
	GlobalSection(ExtensibilityGlobals) = postSolution
		SolutionGuid = {4A6BE01E-BCD7-4D78-BFA9-4647EBC4CBE5}
	EndGlobalSection
EndGlobal
